PODS:
  - Alamofire (4.8.2)
  - Cache (5.2.0)
  - CleanJSON (0.8.5)
  - DefaultsKit (0.2.0)
  - Differentiator (3.1.0)
  - DZNEmptyDataSet (1.8.1)
  - FDFullscreenPopGesture (1.1)
  - Hero (1.4.0)
  - IQKeyboardManagerSwift (6.3.0)
  - Jelly (1.2.5)
  - JXCategoryView (1.3.5)
  - Kingfisher (4.10.1)
  - KingfisherWebP (0.4.2):
    - Kingfisher (~> 4.0)
    - libwebp (>= 0.5.0)
  - libwebp (1.0.2):
    - libwebp/core (= 1.0.2)
    - libwebp/dec (= 1.0.2)
    - libwebp/demux (= 1.0.2)
    - libwebp/dsp (= 1.0.2)
    - libwebp/enc (= 1.0.2)
    - libwebp/mux (= 1.0.2)
    - libwebp/utils (= 1.0.2)
    - libwebp/webp (= 1.0.2)
  - libwebp/core (1.0.2):
    - libwebp/webp
  - libwebp/dec (1.0.2):
    - libwebp/core
  - libwebp/demux (1.0.2):
    - libwebp/core
  - libwebp/dsp (1.0.2):
    - libwebp/core
  - libwebp/enc (1.0.2):
    - libwebp/core
  - libwebp/mux (1.0.2):
    - libwebp/core
  - libwebp/utils (1.0.2):
    - libwebp/core
  - libwebp/webp (1.0.2)
  - MJRefresh (3.2.0)
  - MonkeyKing (1.15.0)
  - Moya/Core (13.0.1):
    - Alamofire (~> 4.1)
    - Result (~> 4.1)
  - Moya/RxSwift (13.0.1):
    - Moya/Core
    - RxSwift (~> 4.0)
  - "NSObject+Rx (4.4.1)":
    - RxSwift (~> 4.3)
  - NVActivityIndicatorView (4.7.0):
    - NVActivityIndicatorView/Presenter (= 4.7.0)
  - NVActivityIndicatorView/Presenter (4.7.0)
  - PYSearch (0.9.1)
  - QMUIKit/QMUIComponents/QMUIButton (3.2.0):
    - QMUIKit/QMUICore
  - QMUIKit/QMUIComponents/QMUIKeyboardManager (3.2.0):
    - QMUIKit/QMUICore
  - QMUIKit/QMUIComponents/QMUITips (3.2.0):
    - QMUIKit/QMUIComponents/QMUIToastView
    - QMUIKit/QMUICore
    - QMUIKit/QMUIResources
  - QMUIKit/QMUIComponents/QMUIToastView (3.2.0):
    - QMUIKit/QMUIComponents/QMUIKeyboardManager
    - QMUIKit/QMUIComponents/QMUIVisualEffectView
    - QMUIKit/QMUICore
  - QMUIKit/QMUIComponents/QMUIVisualEffectView (3.2.0):
    - QMUIKit/QMUICore
  - QMUIKit/QMUICore (3.2.0):
    - QMUIKit/QMUILog
    - QMUIKit/QMUIWeakObjectContainer
  - QMUIKit/QMUILog (3.2.0)
  - QMUIKit/QMUIResources (3.2.0)
  - QMUIKit/QMUIWeakObjectContainer (3.2.0)
  - R.swift (5.0.3):
    - R.swift.Library (~> 5.0.0)
  - R.swift.Library (5.0.1)
  - ReachabilitySwift (4.3.1)
  - Result (4.1.0)
  - RxActivityIndicator (0.1.1):
    - RxCocoa
    - RxSwift
  - RxCocoa (4.5.0):
    - RxSwift (>= 4.4.2, ~> 4.4)
  - RxDataSources (3.1.0):
    - Differentiator (~> 3.0)
    - RxCocoa (~> 4.0)
    - RxSwift (~> 4.0)
  - RxMJ (0.5.0):
    - MJRefresh
    - RxCocoa
  - RxNetwork (0.9.3):
    - RxNetwork/Core (= 0.9.3)
  - RxNetwork/Cache (0.9.3):
    - Cache
    - RxNetwork/Cacheable
  - RxNetwork/Cacheable (0.9.3):
    - RxNetwork/Core
  - RxNetwork/Core (0.9.3):
    - Moya/RxSwift
  - RxOptional (3.6.2):
    - RxCocoa (~> 4.0)
    - RxSwift (~> 4.0)
  - RxReachability (0.1.8):
    - ReachabilitySwift (~> 4.3.0)
    - RxCocoa (~> 4)
    - RxSwift (~> 4)
  - RxSwift (4.5.0)
  - RxURLNavigator (1.1.0):
    - RxCocoa
    - RxSwift
    - URLNavigator
  - SwiftLint (0.32.0)
  - SwiftyThirdParty (0.1.0):
    - SwiftyThirdParty/Kingfisher (= 0.1.0)
    - SwiftyThirdParty/MJRefresh (= 0.1.0)
    - SwiftyThirdParty/Toast (= 0.1.0)
  - SwiftyThirdParty/Kingfisher (0.1.0):
    - Kingfisher
    - SwiftyThirdParty/Kingfisher/Core (= 0.1.0)
    - SwiftyThirdParty/Kingfisher/WebP (= 0.1.0)
  - SwiftyThirdParty/Kingfisher/Core (0.1.0):
    - Kingfisher
  - SwiftyThirdParty/Kingfisher/WebP (0.1.0):
    - Kingfisher
    - KingfisherWebP
  - SwiftyThirdParty/MJRefresh (0.1.0):
    - MJRefresh
  - SwiftyThirdParty/Toast (0.1.0):
    - QMUIKit/QMUIComponents/QMUITips
  - URLNavigator (2.2.0)
  - ZFPlayer/AVPlayer (3.2.11):
    - ZFPlayer/Core
  - ZFPlayer/ControlView (3.2.11):
    - ZFPlayer/Core
  - ZFPlayer/Core (3.2.11)

DEPENDENCIES:
  - CleanJSON
  - DefaultsKit
  - DZNEmptyDataSet
  - FDFullscreenPopGesture
  - Hero
  - IQKeyboardManagerSwift
  - Jelly
  - JXCategoryView
  - MonkeyKing
  - "NSObject+Rx"
  - NVActivityIndicatorView
  - PYSearch
  - QMUIKit/QMUIComponents/QMUIButton
  - R.swift
  - RxActivityIndicator
  - RxDataSources
  - RxMJ (from `https://github.com/InsectQY/RxMJ.git`, tag `0.5.0`)
  - RxNetwork
  - RxNetwork/Cache
  - RxOptional
  - RxReachability
  - RxURLNavigator
  - SwiftLint
  - SwiftyThirdParty (from `https://github.com/InsectQY/SwiftyThirdParty.git`)
  - ZFPlayer/AVPlayer
  - ZFPlayer/ControlView

SPEC REPOS:
  https://github.com/cocoapods/specs.git:
    - Alamofire
    - Cache
    - CleanJSON
    - DefaultsKit
    - Differentiator
    - DZNEmptyDataSet
    - FDFullscreenPopGesture
    - Hero
    - IQKeyboardManagerSwift
    - Jelly
    - JXCategoryView
    - Kingfisher
    - KingfisherWebP
    - libwebp
    - MJRefresh
    - MonkeyKing
    - Moya
    - "NSObject+Rx"
    - NVActivityIndicatorView
    - PYSearch
    - QMUIKit
    - R.swift
    - R.swift.Library
    - ReachabilitySwift
    - Result
    - RxActivityIndicator
    - RxCocoa
    - RxDataSources
    - RxNetwork
    - RxOptional
    - RxReachability
    - RxSwift
    - RxURLNavigator
    - SwiftLint
    - URLNavigator
    - ZFPlayer

EXTERNAL SOURCES:
  RxMJ:
    :git: https://github.com/InsectQY/RxMJ.git
    :tag: 0.5.0
  SwiftyThirdParty:
    :git: https://github.com/InsectQY/SwiftyThirdParty.git

CHECKOUT OPTIONS:
  RxMJ:
    :git: https://github.com/InsectQY/RxMJ.git
    :tag: 0.5.0
  SwiftyThirdParty:
    :commit: e3d39d56684faa655fa27c0d8b5bfac45836980b
    :git: https://github.com/InsectQY/SwiftyThirdParty.git

SPEC CHECKSUMS:
  Alamofire: ae5c501addb7afdbb13687d7f2f722c78734c2d3
  Cache: 807c5d86d01a177f06ede9865add3aea269bbfd4
  CleanJSON: f5791e5fbedbabcae10b56a7a9e103273b18bb38
  DefaultsKit: 6c767941b2c3fe34c4d70e300e6c3b80c94964dd
  Differentiator: be49ca3408f0ecfc761e4c7763d20c62be01b9ad
  DZNEmptyDataSet: 9525833b9e68ac21c30253e1d3d7076cc828eaa7
  FDFullscreenPopGesture: a8a620179e3d9c40e8e00256dcee1c1a27c6d0f0
  Hero: bac92350d7201a1a940003e0767c7b52ce7c99a1
  IQKeyboardManagerSwift: a8228c257614af98743b4cd8584637025f36358f
  Jelly: cc6b6a81ed3c476fe0126b10526ee9eb8c98bb45
  JXCategoryView: 0c74d0f534e4dba175f694a84ce32618b3943a86
  Kingfisher: c148cd7b47ebde9989f6bc7c27dcaa79d81279a0
  KingfisherWebP: 53632f3da248ccabd4999d775903d6ae0aaa7768
  libwebp: b068a3bd7c45f7460f6715be7bed1a18fd5d6b48
  MJRefresh: ed450d6eb9d3346a2cb033ab7eb6de090aeef437
  MonkeyKing: 2bec76a578c8bd089703e70e20eb44e265bd2e67
  Moya: f4a4b80ff2f8a4ffc208dfb31cd91636622fee6e
  "NSObject+Rx": 9884a92f19b610795c431e10b4e601913b59c9e9
  NVActivityIndicatorView: b19ddab2576f805cbe0fb2306cba3476e09a1dea
  PYSearch: 76dee18eea3309b60921a5d6a69390a63a5dda15
  QMUIKit: cd0757484a3a1bd3349a558a991c3df046a48c36
  R.swift: f5a87643b91ea569d23d6afb3eee9c743edde239
  R.swift.Library: cfe85d569d9bae6cb262922db130e7c3a7a5fad1
  ReachabilitySwift: 4032e2f59586e11e3b0ebe15b167abdd587a388b
  Result: bd966fac789cc6c1563440b348ab2598cc24d5c7
  RxActivityIndicator: 3ce24abf73d9608cad9925a3237397713d727bbe
  RxCocoa: cbf70265dc65a981d4ac982e513c10cf23df24a0
  RxDataSources: a843bad90c29817f5923ec8163f4af2de084ceb3
  RxMJ: d30a3b53d2a247ced82dc56cb6cdfd83b1b31f8a
  RxNetwork: b3bd1a6554cd3989945d57180b6ae2182d27e7e6
  RxOptional: 80426a0ddbd092573e4c482d8cc13302078c4d5e
  RxReachability: 053f2d913db44998242ade488ccaef558f3ce7cb
  RxSwift: f172070dfd1a93d70a9ab97a5a01166206e1c575
  RxURLNavigator: e1af8d62c8f5b4853768e8f77f4b669d02016e43
  SwiftLint: 009a898ef2a1c851f45e1b59349bf6ff2ddc990d
  SwiftyThirdParty: b822416143c8649cf5be195d7cea6a9f8dd1295e
  URLNavigator: 0bffc3efdeb2d97f7b5eec7ac82d290f4a099431
  ZFPlayer: 4260b232df83cc7d571ffaa81e9317b3a74eb57c

PODFILE CHECKSUM: 2f4b3be8dd48da29a62c4dcf3187d5f9c07fa284

COCOAPODS: 1.6.1
