PODS:
  - Alamofire (4.8.2)
  - Cache (5.2.0)
  - CleanJSON (0.8.2)
  - DefaultsKit (0.2.0)
  - Differentiator (3.1.0)
  - DZNEmptyDataSet (1.8.1)
  - FDFullscreenPopGesture (1.1)
  - Hero (1.4.0)
  - IQKeyboardManagerSwift (6.2.1)
  - Jelly (1.2.5)
  - JXCategoryView (1.3.3)
  - Kingfisher (4.10.1)
  - KingfisherWebP (0.4.2):
    - Kingfisher (~> 4.0)
    - libwebp (>= 0.5.0)
  - libwebp (1.0.2):
    - libwebp/core (= 1.0.2)
    - libwebp/dec (= 1.0.2)
    - libwebp/demux (= 1.0.2)
    - libwebp/dsp (= 1.0.2)
    - libwebp/enc (= 1.0.2)
    - libwebp/mux (= 1.0.2)
    - libwebp/utils (= 1.0.2)
    - libwebp/webp (= 1.0.2)
  - libwebp/core (1.0.2):
    - libwebp/webp
  - libwebp/dec (1.0.2):
    - libwebp/core
  - libwebp/demux (1.0.2):
    - libwebp/core
  - libwebp/dsp (1.0.2):
    - libwebp/core
  - libwebp/enc (1.0.2):
    - libwebp/core
  - libwebp/mux (1.0.2):
    - libwebp/core
  - libwebp/utils (1.0.2):
    - libwebp/core
  - libwebp/webp (1.0.2)
  - MJRefresh (3.1.15.7)
  - MonkeyKing (1.15.0)
  - Moya/Core (13.0.0):
    - Alamofire (~> 4.1)
    - Result (~> 4.1)
  - Moya/RxSwift (13.0.0):
    - Moya/Core
    - RxSwift (~> 4.0)
  - "NSObject+Rx (4.4.1)":
    - RxSwift (~> 4.3)
  - NVActivityIndicatorView (4.7.0):
    - NVActivityIndicatorView/Presenter (= 4.7.0)
  - NVActivityIndicatorView/Presenter (4.7.0)
  - PYSearch (0.9.1)
  - QMUIKit/QMUIComponents/QMUIButton (3.1.5):
    - QMUIKit/QMUICore
  - QMUIKit/QMUIComponents/QMUIKeyboardManager (3.1.5):
    - QMUIKit/QMUICore
  - QMUIKit/QMUIComponents/QMUITips (3.1.5):
    - QMUIKit/QMUIComponents/QMUIToastView
    - QMUIKit/QMUICore
    - QMUIKit/QMUIResources
  - QMUIKit/QMUIComponents/QMUIToastView (3.1.5):
    - QMUIKit/QMUIComponents/QMUIKeyboardManager
    - QMUIKit/QMUIComponents/QMUIVisualEffectView
    - QMUIKit/QMUICore
  - QMUIKit/QMUIComponents/QMUIVisualEffectView (3.1.5):
    - QMUIKit/QMUICore
  - QMUIKit/QMUICore (3.1.5):
    - QMUIKit/QMUILog
    - QMUIKit/QMUIWeakObjectContainer
  - QMUIKit/QMUILog (3.1.5)
  - QMUIKit/QMUIResources (3.1.5)
  - QMUIKit/QMUIWeakObjectContainer (3.1.5)
  - R.swift (5.0.3):
    - R.swift.Library (~> 5.0.0)
  - R.swift.Library (5.0.1)
  - ReachabilitySwift (4.3.1)
  - Result (4.1.0)
  - RxActivityIndicator (0.1.1):
    - RxCocoa
    - RxSwift
  - RxCocoa (4.3.1):
    - RxSwift (~> 4.0)
  - RxDataSources (3.1.0):
    - Differentiator (~> 3.0)
    - RxCocoa (~> 4.0)
    - RxSwift (~> 4.0)
  - RxMJ (0.4.0):
    - MJRefresh (~> 3.1.15.7)
    - RxCocoa (~> 4.3.0)
  - RxNetwork (0.9.3):
    - RxNetwork/Core (= 0.9.3)
  - RxNetwork/Cache (0.9.3):
    - Cache
    - RxNetwork/Cacheable
  - RxNetwork/Cacheable (0.9.3):
    - RxNetwork/Core
  - RxNetwork/Core (0.9.3):
    - Moya/RxSwift
  - RxOptional (3.6.2):
    - RxCocoa (~> 4.0)
    - RxSwift (~> 4.0)
  - RxReachability (0.1.8):
    - ReachabilitySwift (~> 4.3.0)
    - RxCocoa (~> 4)
    - RxSwift (~> 4)
  - RxSwift (4.5.0)
  - RxURLNavigator (1.1.0):
    - RxCocoa
    - RxSwift
    - URLNavigator
  - SwiftLint (0.31.0)
  - SwiftyThirdParty (0.1.0):
    - SwiftyThirdParty/Kingfisher (= 0.1.0)
    - SwiftyThirdParty/MJRefresh (= 0.1.0)
    - SwiftyThirdParty/Toast (= 0.1.0)
  - SwiftyThirdParty/Kingfisher (0.1.0):
    - Kingfisher
    - SwiftyThirdParty/Kingfisher/Core (= 0.1.0)
    - SwiftyThirdParty/Kingfisher/WebP (= 0.1.0)
  - SwiftyThirdParty/Kingfisher/Core (0.1.0):
    - Kingfisher
  - SwiftyThirdParty/Kingfisher/WebP (0.1.0):
    - Kingfisher
    - KingfisherWebP
  - SwiftyThirdParty/MJRefresh (0.1.0):
    - MJRefresh
  - SwiftyThirdParty/Toast (0.1.0):
    - QMUIKit/QMUIComponents/QMUITips
  - URLNavigator (2.2.0)
  - ZFPlayer/AVPlayer (3.2.10):
    - ZFPlayer/Core
  - ZFPlayer/ControlView (3.2.10):
    - ZFPlayer/Core
  - ZFPlayer/Core (3.2.10)

DEPENDENCIES:
  - CleanJSON
  - DefaultsKit
  - DZNEmptyDataSet
  - FDFullscreenPopGesture
  - Hero
  - IQKeyboardManagerSwift
  - Jelly
  - JXCategoryView
  - MonkeyKing
  - "NSObject+Rx"
  - NVActivityIndicatorView
  - PYSearch
  - QMUIKit/QMUIComponents/QMUIButton
  - R.swift
  - RxActivityIndicator
  - RxDataSources
  - RxMJ
  - RxNetwork
  - RxNetwork/Cache
  - RxOptional
  - RxReachability
  - RxURLNavigator
  - SwiftLint
  - SwiftyThirdParty (from `https://github.com/InsectQY/SwiftyThirdParty.git`)
  - ZFPlayer/AVPlayer
  - ZFPlayer/ControlView

SPEC REPOS:
  https://github.com/cocoapods/specs.git:
    - Alamofire
    - Cache
    - CleanJSON
    - DefaultsKit
    - Differentiator
    - DZNEmptyDataSet
    - FDFullscreenPopGesture
    - Hero
    - IQKeyboardManagerSwift
    - Jelly
    - JXCategoryView
    - Kingfisher
    - KingfisherWebP
    - libwebp
    - MJRefresh
    - MonkeyKing
    - Moya
    - "NSObject+Rx"
    - NVActivityIndicatorView
    - PYSearch
    - QMUIKit
    - R.swift
    - R.swift.Library
    - ReachabilitySwift
    - Result
    - RxActivityIndicator
    - RxCocoa
    - RxDataSources
    - RxMJ
    - RxNetwork
    - RxOptional
    - RxReachability
    - RxSwift
    - RxURLNavigator
    - SwiftLint
    - URLNavigator
    - ZFPlayer

EXTERNAL SOURCES:
  SwiftyThirdParty:
    :git: https://github.com/InsectQY/SwiftyThirdParty.git

CHECKOUT OPTIONS:
  SwiftyThirdParty:
    :commit: 080bb5189b101e6597f38bcdfa28ade455bac977
    :git: https://github.com/InsectQY/SwiftyThirdParty.git

SPEC CHECKSUMS:
  Alamofire: ae5c501addb7afdbb13687d7f2f722c78734c2d3
  Cache: 807c5d86d01a177f06ede9865add3aea269bbfd4
  CleanJSON: f7be273cc133747dfc638da4f2f9d552d05a4289
  DefaultsKit: 6c767941b2c3fe34c4d70e300e6c3b80c94964dd
  Differentiator: be49ca3408f0ecfc761e4c7763d20c62be01b9ad
  DZNEmptyDataSet: 9525833b9e68ac21c30253e1d3d7076cc828eaa7
  FDFullscreenPopGesture: a8a620179e3d9c40e8e00256dcee1c1a27c6d0f0
  Hero: bac92350d7201a1a940003e0767c7b52ce7c99a1
  IQKeyboardManagerSwift: 0f0ae8935360b4003e6ea1ac7c19898f01e2f7c7
  Jelly: cc6b6a81ed3c476fe0126b10526ee9eb8c98bb45
  JXCategoryView: 25e379fa1e8f5577f878e2446207bb869ec97228
  Kingfisher: c148cd7b47ebde9989f6bc7c27dcaa79d81279a0
  KingfisherWebP: 53632f3da248ccabd4999d775903d6ae0aaa7768
  libwebp: b068a3bd7c45f7460f6715be7bed1a18fd5d6b48
  MJRefresh: 697f8ec75ebdbe9207767bb682cf0f51b0d8a41f
  MonkeyKing: 2bec76a578c8bd089703e70e20eb44e265bd2e67
  Moya: 161263550064ff8a4948e8ff63137fd72a876292
  "NSObject+Rx": 9884a92f19b610795c431e10b4e601913b59c9e9
  NVActivityIndicatorView: b19ddab2576f805cbe0fb2306cba3476e09a1dea
  PYSearch: 76dee18eea3309b60921a5d6a69390a63a5dda15
  QMUIKit: 8685874a4c53e404174c0435f273eb443a46cc5d
  R.swift: f5a87643b91ea569d23d6afb3eee9c743edde239
  R.swift.Library: cfe85d569d9bae6cb262922db130e7c3a7a5fad1
  ReachabilitySwift: 4032e2f59586e11e3b0ebe15b167abdd587a388b
  Result: bd966fac789cc6c1563440b348ab2598cc24d5c7
  RxActivityIndicator: 3ce24abf73d9608cad9925a3237397713d727bbe
  RxCocoa: 78763c7b07d02455598d9fc3c1ad091a28b73635
  RxDataSources: a843bad90c29817f5923ec8163f4af2de084ceb3
  RxMJ: c41277d217b151e18573c12f73612de3a4ce63a5
  RxNetwork: b3bd1a6554cd3989945d57180b6ae2182d27e7e6
  RxOptional: 80426a0ddbd092573e4c482d8cc13302078c4d5e
  RxReachability: 053f2d913db44998242ade488ccaef558f3ce7cb
  RxSwift: f172070dfd1a93d70a9ab97a5a01166206e1c575
  RxURLNavigator: e1af8d62c8f5b4853768e8f77f4b669d02016e43
  SwiftLint: 7a0227733d786395817373b2d0ca799fd0093ff3
  SwiftyThirdParty: b822416143c8649cf5be195d7cea6a9f8dd1295e
  URLNavigator: 0bffc3efdeb2d97f7b5eec7ac82d290f4a099431
  ZFPlayer: a51c6ffebaf06b91d373091bb4a62ee188cfc7de

PODFILE CHECKSUM: ad274c1123322f991ee87bb893ae2f180d8700e0

COCOAPODS: 1.6.1
